
Microsoft Visual Studio Solution File, Format Version 12.00
# Visual Studio Version 17
VisualStudioVersion = 17.0.31903.59
MinimumVisualStudioVersion = 10.0.40219.1
Project("{2150E333-8FDC-42A3-9474-1A3956D46DE8}") = "src", "src", "{4053D21E-4932-4AEA-B0B8-B741C6BFFA70}"
EndProject
Project("{FAE04EC0-301F-11D3-BF4B-00C04F79EFBC}") = "WebApi", "src\WebApi\WebApi.csproj", "{3ACD8465-AFF2-4038-883D-A15F37A66E73}"
EndProject
Project("{FAE04EC0-301F-11D3-BF4B-00C04F79EFBC}") = "WebApi.Test", "src\Webapi.Test\WebApi.Test.csproj", "{5BD1630C-17E1-49B7-8070-CAC134BDBE80}"
EndProject
Global
	GlobalSection(SolutionConfigurationPlatforms) = preSolution
		Debug|Any CPU = Debug|Any CPU
		Release|Any CPU = Release|Any CPU
	EndGlobalSection
	GlobalSection(SolutionProperties) = preSolution
		HideSolutionNode = FALSE
	EndGlobalSection
	GlobalSection(ProjectConfigurationPlatforms) = postSolution
		{3ACD8465-AFF2-4038-883D-A15F37A66E73}.Debug|Any CPU.ActiveCfg = Debug|Any CPU
		{3ACD8465-AFF2-4038-883D-A15F37A66E73}.Debug|Any CPU.Build.0 = Debug|Any CPU
		{3ACD8465-AFF2-4038-883D-A15F37A66E73}.Release|Any CPU.ActiveCfg = Release|Any CPU
		{3ACD8465-AFF2-4038-883D-A15F37A66E73}.Release|Any CPU.Build.0 = Release|Any CPU
		{5BD1630C-17E1-49B7-8070-CAC134BDBE80}.Debug|Any CPU.ActiveCfg = Debug|Any CPU
		{5BD1630C-17E1-49B7-8070-CAC134BDBE80}.Debug|Any CPU.Build.0 = Debug|Any CPU
		{5BD1630C-17E1-49B7-8070-CAC134BDBE80}.Release|Any CPU.ActiveCfg = Release|Any CPU
		{5BD1630C-17E1-49B7-8070-CAC134BDBE80}.Release|Any CPU.Build.0 = Release|Any CPU
	EndGlobalSection
	GlobalSection(NestedProjects) = preSolution
		{3ACD8465-AFF2-4038-883D-A15F37A66E73} = {4053D21E-4932-4AEA-B0B8-B741C6BFFA70}
		{5BD1630C-17E1-49B7-8070-CAC134BDBE80} = {4053D21E-4932-4AEA-B0B8-B741C6BFFA70}
	EndGlobalSection
EndGlobal
